// !$*UTF8*$!
{
	archiveVersion = 1;
	classes = {
	};
	objectVersion = 52;
	objects = {

/* Begin PBXBuildFile section */
		DC2D336B23C83E8100939992 /* ApolloPublishers in Frameworks */ = {isa = PBXBuildFile; productRef = DC2D336A23C83E8100939992 /* ApolloPublishers */; };
		DC301F6D23B9DBFB00E98C2D /* AppDelegate.swift in Sources */ = {isa = PBXBuildFile; fileRef = DC301F6C23B9DBFB00E98C2D /* AppDelegate.swift */; };
		DC301F6F23B9DBFB00E98C2D /* SceneDelegate.swift in Sources */ = {isa = PBXBuildFile; fileRef = DC301F6E23B9DBFB00E98C2D /* SceneDelegate.swift */; };
		DC301F7123B9DBFB00E98C2D /* ContentView.swift in Sources */ = {isa = PBXBuildFile; fileRef = DC301F7023B9DBFB00E98C2D /* ContentView.swift */; };
		DC301F7323B9DBFB00E98C2D /* Assets.xcassets in Resources */ = {isa = PBXBuildFile; fileRef = DC301F7223B9DBFB00E98C2D /* Assets.xcassets */; };
		DC301F7623B9DBFB00E98C2D /* Preview Assets.xcassets in Resources */ = {isa = PBXBuildFile; fileRef = DC301F7523B9DBFB00E98C2D /* Preview Assets.xcassets */; };
		DC301F7923B9DBFB00E98C2D /* LaunchScreen.storyboard in Resources */ = {isa = PBXBuildFile; fileRef = DC301F7723B9DBFB00E98C2D /* LaunchScreen.storyboard */; };
		DC301F8723B9DFBB00E98C2D /* ApolloWebSocket in Frameworks */ = {isa = PBXBuildFile; productRef = DC301F8623B9DFBB00E98C2D /* ApolloWebSocket */; };
		DC301F8923B9DFBB00E98C2D /* Apollo in Frameworks */ = {isa = PBXBuildFile; productRef = DC301F8823B9DFBB00E98C2D /* Apollo */; };
		DC301F9323B9E4C800E98C2D /* Network.swift in Sources */ = {isa = PBXBuildFile; fileRef = DC301F9223B9E4C800E98C2D /* Network.swift */; };
		DC301F9523B9E85C00E98C2D /* DataStore.swift in Sources */ = {isa = PBXBuildFile; fileRef = DC301F9423B9E85C00E98C2D /* DataStore.swift */; };
		DC301F9723B9EAF000E98C2D /* Types.Extensions.swift in Sources */ = {isa = PBXBuildFile; fileRef = DC301F9623B9EAF000E98C2D /* Types.Extensions.swift */; };
		DC413CF023BD74FF00AF6AC1 /* LaunchList.graphql.swift in Sources */ = {isa = PBXBuildFile; fileRef = DC413CED23BD74FF00AF6AC1 /* LaunchList.graphql.swift */; };
		DC413CF123BD74FF00AF6AC1 /* DetailsForLaunch.graphql.swift in Sources */ = {isa = PBXBuildFile; fileRef = DC413CEE23BD74FF00AF6AC1 /* DetailsForLaunch.graphql.swift */; };
		DC413CF223BD74FF00AF6AC1 /* Types.graphql.swift in Sources */ = {isa = PBXBuildFile; fileRef = DC413CEF23BD74FF00AF6AC1 /* Types.graphql.swift */; };
		DC413CFC23BD961E00AF6AC1 /* Mutations.graphql.swift in Sources */ = {isa = PBXBuildFile; fileRef = DC413CFB23BD961E00AF6AC1 /* Mutations.graphql.swift */; };
		DC413CFF23BDBDB800AF6AC1 /* ApolloSQLite in Frameworks */ = {isa = PBXBuildFile; productRef = DC413CFE23BDBDB800AF6AC1 /* ApolloSQLite */; };
		DC6840AC23C58E08007269FD /* Messages.graphql.swift in Sources */ = {isa = PBXBuildFile; fileRef = DC6840AB23C58E08007269FD /* Messages.graphql.swift */; };
		DC6840AE23C58E2E007269FD /* LaunchMessageListView.swift in Sources */ = {isa = PBXBuildFile; fileRef = DC6840AD23C58E2E007269FD /* LaunchMessageListView.swift */; };
		DC89E7BA23BAC69B00661104 /* LaunchListView.swift in Sources */ = {isa = PBXBuildFile; fileRef = DC89E7B923BAC69B00661104 /* LaunchListView.swift */; };
		DC89E7BC23BAC6AB00661104 /* LaunchDetailsView.swift in Sources */ = {isa = PBXBuildFile; fileRef = DC89E7BB23BAC6AB00661104 /* LaunchDetailsView.swift */; };
		DC8E0DBD23BEF68E00BE5D1C /* LoginView.swift in Sources */ = {isa = PBXBuildFile; fileRef = DC8E0DBC23BEF68E00BE5D1C /* LoginView.swift */; };
		DCB724F023C2BADB000B4EE9 /* Subscriptions.graphql.swift in Sources */ = {isa = PBXBuildFile; fileRef = DCB724EF23C2BADB000B4EE9 /* Subscriptions.graphql.swift */; };
/* End PBXBuildFile section */

/* Begin PBXFileReference section */
		DC301F6923B9DBFB00E98C2D /* RocketReserver.app */ = {isa = PBXFileReference; explicitFileType = wrapper.application; includeInIndex = 0; path = RocketReserver.app; sourceTree = BUILT_PRODUCTS_DIR; };
		DC301F6C23B9DBFB00E98C2D /* AppDelegate.swift */ = {isa = PBXFileReference; lastKnownFileType = sourcecode.swift; path = AppDelegate.swift; sourceTree = "<group>"; };
		DC301F6E23B9DBFB00E98C2D /* SceneDelegate.swift */ = {isa = PBXFileReference; lastKnownFileType = sourcecode.swift; path = SceneDelegate.swift; sourceTree = "<group>"; };
		DC301F7023B9DBFB00E98C2D /* ContentView.swift */ = {isa = PBXFileReference; lastKnownFileType = sourcecode.swift; path = ContentView.swift; sourceTree = "<group>"; };
		DC301F7223B9DBFB00E98C2D /* Assets.xcassets */ = {isa = PBXFileReference; lastKnownFileType = folder.assetcatalog; path = Assets.xcassets; sourceTree = "<group>"; };
		DC301F7523B9DBFB00E98C2D /* Preview Assets.xcassets */ = {isa = PBXFileReference; lastKnownFileType = folder.assetcatalog; path = "Preview Assets.xcassets"; sourceTree = "<group>"; };
		DC301F7823B9DBFB00E98C2D /* Base */ = {isa = PBXFileReference; lastKnownFileType = file.storyboard; name = Base; path = Base.lproj/LaunchScreen.storyboard; sourceTree = "<group>"; };
		DC301F7A23B9DBFB00E98C2D /* Info.plist */ = {isa = PBXFileReference; lastKnownFileType = text.plist.xml; path = Info.plist; sourceTree = "<group>"; };
		DC301F8B23B9E1F100E98C2D /* schema.json */ = {isa = PBXFileReference; fileEncoding = 4; lastKnownFileType = text.json; path = schema.json; sourceTree = "<group>"; };
		DC301F8E23B9E29900E98C2D /* LaunchList.graphql */ = {isa = PBXFileReference; lastKnownFileType = text; path = LaunchList.graphql; sourceTree = "<group>"; };
		DC301F9223B9E4C800E98C2D /* Network.swift */ = {isa = PBXFileReference; lastKnownFileType = sourcecode.swift; path = Network.swift; sourceTree = "<group>"; };
		DC301F9423B9E85C00E98C2D /* DataStore.swift */ = {isa = PBXFileReference; lastKnownFileType = sourcecode.swift; path = DataStore.swift; sourceTree = "<group>"; };
		DC301F9623B9EAF000E98C2D /* Types.Extensions.swift */ = {isa = PBXFileReference; lastKnownFileType = sourcecode.swift; path = Types.Extensions.swift; sourceTree = "<group>"; };
		DC413CED23BD74FF00AF6AC1 /* LaunchList.graphql.swift */ = {isa = PBXFileReference; fileEncoding = 4; lastKnownFileType = sourcecode.swift; path = LaunchList.graphql.swift; sourceTree = "<group>"; };
		DC413CEE23BD74FF00AF6AC1 /* DetailsForLaunch.graphql.swift */ = {isa = PBXFileReference; fileEncoding = 4; lastKnownFileType = sourcecode.swift; path = DetailsForLaunch.graphql.swift; sourceTree = "<group>"; };
		DC413CEF23BD74FF00AF6AC1 /* Types.graphql.swift */ = {isa = PBXFileReference; fileEncoding = 4; lastKnownFileType = sourcecode.swift; path = Types.graphql.swift; sourceTree = "<group>"; };
		DC413CF923BD95F100AF6AC1 /* Mutations.graphql */ = {isa = PBXFileReference; lastKnownFileType = text; path = Mutations.graphql; sourceTree = "<group>"; };
		DC413CFB23BD961E00AF6AC1 /* Mutations.graphql.swift */ = {isa = PBXFileReference; fileEncoding = 4; lastKnownFileType = sourcecode.swift; path = Mutations.graphql.swift; sourceTree = "<group>"; };
		DC6840AA23C58D4F007269FD /* Messages.graphql */ = {isa = PBXFileReference; lastKnownFileType = text; path = Messages.graphql; sourceTree = "<group>"; };
		DC6840AB23C58E08007269FD /* Messages.graphql.swift */ = {isa = PBXFileReference; fileEncoding = 4; lastKnownFileType = sourcecode.swift; path = Messages.graphql.swift; sourceTree = "<group>"; };
		DC6840AD23C58E2E007269FD /* LaunchMessageListView.swift */ = {isa = PBXFileReference; lastKnownFileType = sourcecode.swift; path = LaunchMessageListView.swift; sourceTree = "<group>"; };
		DC89E7B923BAC69B00661104 /* LaunchListView.swift */ = {isa = PBXFileReference; lastKnownFileType = sourcecode.swift; path = LaunchListView.swift; sourceTree = "<group>"; };
		DC89E7BB23BAC6AB00661104 /* LaunchDetailsView.swift */ = {isa = PBXFileReference; lastKnownFileType = sourcecode.swift; path = LaunchDetailsView.swift; sourceTree = "<group>"; };
		DC89E7BF23BAD18400661104 /* DetailsForLaunch.graphql */ = {isa = PBXFileReference; lastKnownFileType = text; path = DetailsForLaunch.graphql; sourceTree = "<group>"; };
		DC8E0DBC23BEF68E00BE5D1C /* LoginView.swift */ = {isa = PBXFileReference; lastKnownFileType = sourcecode.swift; path = LoginView.swift; sourceTree = "<group>"; };
		DCB724EE23C2BA23000B4EE9 /* Subscriptions.graphql */ = {isa = PBXFileReference; lastKnownFileType = text; path = Subscriptions.graphql; sourceTree = "<group>"; };
		DCB724EF23C2BADB000B4EE9 /* Subscriptions.graphql.swift */ = {isa = PBXFileReference; fileEncoding = 4; lastKnownFileType = sourcecode.swift; path = Subscriptions.graphql.swift; sourceTree = "<group>"; };
/* End PBXFileReference section */

/* Begin PBXFrameworksBuildPhase section */
		DC301F6623B9DBFB00E98C2D /* Frameworks */ = {
			isa = PBXFrameworksBuildPhase;
			buildActionMask = 2147483647;
			files = (
				DC2D336B23C83E8100939992 /* ApolloPublishers in Frameworks */,
				DC301F8723B9DFBB00E98C2D /* ApolloWebSocket in Frameworks */,
				DC301F8923B9DFBB00E98C2D /* Apollo in Frameworks */,
				DC413CFF23BDBDB800AF6AC1 /* ApolloSQLite in Frameworks */,
			);
			runOnlyForDeploymentPostprocessing = 0;
		};
/* End PBXFrameworksBuildPhase section */

/* Begin PBXGroup section */
		DC301F6023B9DBFB00E98C2D = {
			isa = PBXGroup;
			children = (
				DC301F6B23B9DBFB00E98C2D /* RocketReserver */,
				DC301F6A23B9DBFB00E98C2D /* Products */,
				DC413CFD23BDBDB800AF6AC1 /* Frameworks */,
			);
			sourceTree = "<group>";
		};
		DC301F6A23B9DBFB00E98C2D /* Products */ = {
			isa = PBXGroup;
			children = (
				DC301F6923B9DBFB00E98C2D /* RocketReserver.app */,
			);
			name = Products;
			sourceTree = "<group>";
		};
		DC301F6B23B9DBFB00E98C2D /* RocketReserver */ = {
			isa = PBXGroup;
			children = (
				DC89E7B823BAC67B00661104 /* Views */,
				DC301F8D23B9E26E00E98C2D /* graphql */,
				DC301F8B23B9E1F100E98C2D /* schema.json */,
				DC301F6C23B9DBFB00E98C2D /* AppDelegate.swift */,
				DC301F6E23B9DBFB00E98C2D /* SceneDelegate.swift */,
				DC301F7223B9DBFB00E98C2D /* Assets.xcassets */,
				DC301F7723B9DBFB00E98C2D /* LaunchScreen.storyboard */,
				DC301F7A23B9DBFB00E98C2D /* Info.plist */,
				DC301F7423B9DBFB00E98C2D /* Preview Content */,
				DC301F9223B9E4C800E98C2D /* Network.swift */,
				DC301F9423B9E85C00E98C2D /* DataStore.swift */,
			);
			path = RocketReserver;
			sourceTree = "<group>";
		};
		DC301F7423B9DBFB00E98C2D /* Preview Content */ = {
			isa = PBXGroup;
			children = (
				DC301F7523B9DBFB00E98C2D /* Preview Assets.xcassets */,
			);
			path = "Preview Content";
			sourceTree = "<group>";
		};
		DC301F8D23B9E26E00E98C2D /* graphql */ = {
			isa = PBXGroup;
			children = (
				DC89E7BF23BAD18400661104 /* DetailsForLaunch.graphql */,
				DC413CEE23BD74FF00AF6AC1 /* DetailsForLaunch.graphql.swift */,
				DC301F8E23B9E29900E98C2D /* LaunchList.graphql */,
				DC413CED23BD74FF00AF6AC1 /* LaunchList.graphql.swift */,
				DC413CF923BD95F100AF6AC1 /* Mutations.graphql */,
				DC413CFB23BD961E00AF6AC1 /* Mutations.graphql.swift */,
				DCB724EE23C2BA23000B4EE9 /* Subscriptions.graphql */,
				DCB724EF23C2BADB000B4EE9 /* Subscriptions.graphql.swift */,
				DC6840AA23C58D4F007269FD /* Messages.graphql */,
				DC6840AB23C58E08007269FD /* Messages.graphql.swift */,
				DC413CEF23BD74FF00AF6AC1 /* Types.graphql.swift */,
				DC301F9623B9EAF000E98C2D /* Types.Extensions.swift */,
			);
			path = graphql;
			sourceTree = "<group>";
		};
		DC413CFD23BDBDB800AF6AC1 /* Frameworks */ = {
			isa = PBXGroup;
			children = (
			);
			name = Frameworks;
			sourceTree = "<group>";
		};
		DC89E7B823BAC67B00661104 /* Views */ = {
			isa = PBXGroup;
			children = (
				DC301F7023B9DBFB00E98C2D /* ContentView.swift */,
				DC89E7B923BAC69B00661104 /* LaunchListView.swift */,
				DC89E7BB23BAC6AB00661104 /* LaunchDetailsView.swift */,
				DC8E0DBC23BEF68E00BE5D1C /* LoginView.swift */,
				DC6840AD23C58E2E007269FD /* LaunchMessageListView.swift */,
			);
			path = Views;
			sourceTree = "<group>";
		};
/* End PBXGroup section */

/* Begin PBXNativeTarget section */
		DC301F6823B9DBFB00E98C2D /* RocketReserver */ = {
			isa = PBXNativeTarget;
			buildConfigurationList = DC301F7D23B9DBFB00E98C2D /* Build configuration list for PBXNativeTarget "RocketReserver" */;
			buildPhases = (
				DC301F8A23B9E06900E98C2D /* Apollo CLI */,
				DC301F6523B9DBFB00E98C2D /* Sources */,
				DC301F6623B9DBFB00E98C2D /* Frameworks */,
				DC301F6723B9DBFB00E98C2D /* Resources */,
			);
			buildRules = (
			);
			dependencies = (
			);
			name = RocketReserver;
			packageProductDependencies = (
				DC301F8623B9DFBB00E98C2D /* ApolloWebSocket */,
				DC301F8823B9DFBB00E98C2D /* Apollo */,
				DC413CFE23BDBDB800AF6AC1 /* ApolloSQLite */,
				DC2D336A23C83E8100939992 /* ApolloPublishers */,
			);
			productName = RocketReserver;
			productReference = DC301F6923B9DBFB00E98C2D /* RocketReserver.app */;
			productType = "com.apple.product-type.application";
		};
/* End PBXNativeTarget section */

/* Begin PBXProject section */
		DC301F6123B9DBFB00E98C2D /* Project object */ = {
			isa = PBXProject;
			attributes = {
				LastSwiftUpdateCheck = 1130;
				LastUpgradeCheck = 1130;
				ORGANIZATIONNAME = "Rods Org";
				TargetAttributes = {
					DC301F6823B9DBFB00E98C2D = {
						CreatedOnToolsVersion = 11.3;
					};
				};
			};
			buildConfigurationList = DC301F6423B9DBFB00E98C2D /* Build configuration list for PBXProject "RocketReserver" */;
			compatibilityVersion = "Xcode 9.3";
			developmentRegion = en;
			hasScannedForEncodings = 0;
			knownRegions = (
				en,
				Base,
			);
			mainGroup = DC301F6023B9DBFB00E98C2D;
			packageReferences = (
				DC301F8523B9DFBB00E98C2D /* XCRemoteSwiftPackageReference "apollo-ios" */,
				DC2D336923C83E8100939992 /* XCRemoteSwiftPackageReference "apollo-ios-publishers" */,
			);
			productRefGroup = DC301F6A23B9DBFB00E98C2D /* Products */;
			projectDirPath = "";
			projectRoot = "";
			targets = (
				DC301F6823B9DBFB00E98C2D /* RocketReserver */,
			);
		};
/* End PBXProject section */

/* Begin PBXResourcesBuildPhase section */
		DC301F6723B9DBFB00E98C2D /* Resources */ = {
			isa = PBXResourcesBuildPhase;
			buildActionMask = 2147483647;
			files = (
				DC301F7923B9DBFB00E98C2D /* LaunchScreen.storyboard in Resources */,
				DC301F7623B9DBFB00E98C2D /* Preview Assets.xcassets in Resources */,
				DC301F7323B9DBFB00E98C2D /* Assets.xcassets in Resources */,
			);
			runOnlyForDeploymentPostprocessing = 0;
		};
/* End PBXResourcesBuildPhase section */

/* Begin PBXShellScriptBuildPhase section */
		DC301F8A23B9E06900E98C2D /* Apollo CLI */ = {
			isa = PBXShellScriptBuildPhase;
			buildActionMask = 2147483647;
			files = (
			);
			inputFileListPaths = (
			);
			inputPaths = (
			);
			name = "Apollo CLI";
			outputFileListPaths = (
			);
			outputPaths = (
			);
			runOnlyForDeploymentPostprocessing = 0;
			shellPath = /bin/sh;
			shellScript = "# Go to the build root and search up the chain to find the Derived Data Path where the source packages are checked out.\nDERIVED_DATA_CANDIDATE=\"${BUILD_ROOT}\"\n\nwhile ! [ -d \"${DERIVED_DATA_CANDIDATE}/SourcePackages\" ]; do\n  if [ \"${DERIVED_DATA_CANDIDATE}\" = / ]; then\n    echo >&2 \"error: Unable to locate SourcePackages directory from BUILD_ROOT: '${BUILD_ROOT}'\"\n    exit 1\n  fi\n\n  DERIVED_DATA_CANDIDATE=\"$(dirname \"${DERIVED_DATA_CANDIDATE}\")\"\ndone\n\n# Grab a reference to the directory where scripts are checked out\nSCRIPT_PATH=\"${DERIVED_DATA_CANDIDATE}/SourcePackages/checkouts/apollo-ios/scripts\"\n\nif [ -z \"${SCRIPT_PATH}\" ]; then\n    echo >&2 \"error: Couldn't find the CLI script in your checked out SPM packages; make sure to add the framework to your project.\"\n    exit 1\nfi\n\ncd \"${SRCROOT}/${TARGET_NAME}\"\n# echo \"Downloading schema from the server.\"\n# \"${SCRIPT_PATH}\"/run-bundled-codegen.sh schema:download --endpoint=\"https://rocket-demo-rmc.cochlear.link/\"\n\necho \"Generating code for the given schema.\"\n#\"${SCRIPT_PATH}\"/run-bundled-codegen.sh codegen:generate --target=swift --includes=./**/*.graphql --localSchemaFile=\"schema.json\" GraphQL.Models.swift\n\"${SCRIPT_PATH}\"/run-bundled-codegen.sh codegen:generate --target=swift --includes=./**/*.graphql --localSchemaFile=\"schema.json\" graphql/\n\n# rm -rf gql/GraphQL.Models.swift\n# cp GraphQL.Models.swift gql/GraphQL.Models.swift\n# rm -rf GraphQL.Models.swift\n";
		};
/* End PBXShellScriptBuildPhase section */

/* Begin PBXSourcesBuildPhase section */
		DC301F6523B9DBFB00E98C2D /* Sources */ = {
			isa = PBXSourcesBuildPhase;
			buildActionMask = 2147483647;
			files = (
				DC301F9323B9E4C800E98C2D /* Network.swift in Sources */,
				DC301F9723B9EAF000E98C2D /* Types.Extensions.swift in Sources */,
				DC413CF223BD74FF00AF6AC1 /* Types.graphql.swift in Sources */,
				DC301F9523B9E85C00E98C2D /* DataStore.swift in Sources */,
				DC6840AE23C58E2E007269FD /* LaunchMessageListView.swift in Sources */,
				DC89E7BA23BAC69B00661104 /* LaunchListView.swift in Sources */,
				DC6840AC23C58E08007269FD /* Messages.graphql.swift in Sources */,
				DC413CFC23BD961E00AF6AC1 /* Mutations.graphql.swift in Sources */,
				DC413CF023BD74FF00AF6AC1 /* LaunchList.graphql.swift in Sources */,
				DC8E0DBD23BEF68E00BE5D1C /* LoginView.swift in Sources */,
				DC413CF123BD74FF00AF6AC1 /* DetailsForLaunch.graphql.swift in Sources */,
				DC89E7BC23BAC6AB00661104 /* LaunchDetailsView.swift in Sources */,
				DC301F6D23B9DBFB00E98C2D /* AppDelegate.swift in Sources */,
				DCB724F023C2BADB000B4EE9 /* Subscriptions.graphql.swift in Sources */,
				DC301F6F23B9DBFB00E98C2D /* SceneDelegate.swift in Sources */,
				DC301F7123B9DBFB00E98C2D /* ContentView.swift in Sources */,
			);
			runOnlyForDeploymentPostprocessing = 0;
		};
/* End PBXSourcesBuildPhase section */

/* Begin PBXVariantGroup section */
		DC301F7723B9DBFB00E98C2D /* LaunchScreen.storyboard */ = {
			isa = PBXVariantGroup;
			children = (
				DC301F7823B9DBFB00E98C2D /* Base */,
			);
			name = LaunchScreen.storyboard;
			sourceTree = "<group>";
		};
/* End PBXVariantGroup section */

/* Begin XCBuildConfiguration section */
		DC301F7B23B9DBFB00E98C2D /* Debug */ = {
			isa = XCBuildConfiguration;
			buildSettings = {
				ALWAYS_SEARCH_USER_PATHS = NO;
				CLANG_ANALYZER_NONNULL = YES;
				CLANG_ANALYZER_NUMBER_OBJECT_CONVERSION = YES_AGGRESSIVE;
				CLANG_CXX_LANGUAGE_STANDARD = "gnu++14";
				CLANG_CXX_LIBRARY = "libc++";
				CLANG_ENABLE_MODULES = YES;
				CLANG_ENABLE_OBJC_ARC = YES;
				CLANG_ENABLE_OBJC_WEAK = YES;
				CLANG_WARN_BLOCK_CAPTURE_AUTORELEASING = YES;
				CLANG_WARN_BOOL_CONVERSION = YES;
				CLANG_WARN_COMMA = YES;
				CLANG_WARN_CONSTANT_CONVERSION = YES;
				CLANG_WARN_DEPRECATED_OBJC_IMPLEMENTATIONS = YES;
				CLANG_WARN_DIRECT_OBJC_ISA_USAGE = YES_ERROR;
				CLANG_WARN_DOCUMENTATION_COMMENTS = YES;
				CLANG_WARN_EMPTY_BODY = YES;
				CLANG_WARN_ENUM_CONVERSION = YES;
				CLANG_WARN_INFINITE_RECURSION = YES;
				CLANG_WARN_INT_CONVERSION = YES;
				CLANG_WARN_NON_LITERAL_NULL_CONVERSION = YES;
				CLANG_WARN_OBJC_IMPLICIT_RETAIN_SELF = YES;
				CLANG_WARN_OBJC_LITERAL_CONVERSION = YES;
				CLANG_WARN_OBJC_ROOT_CLASS = YES_ERROR;
				CLANG_WARN_RANGE_LOOP_ANALYSIS = YES;
				CLANG_WARN_STRICT_PROTOTYPES = YES;
				CLANG_WARN_SUSPICIOUS_MOVE = YES;
				CLANG_WARN_UNGUARDED_AVAILABILITY = YES_AGGRESSIVE;
				CLANG_WARN_UNREACHABLE_CODE = YES;
				CLANG_WARN__DUPLICATE_METHOD_MATCH = YES;
				COPY_PHASE_STRIP = NO;
				DEBUG_INFORMATION_FORMAT = dwarf;
				ENABLE_STRICT_OBJC_MSGSEND = YES;
				ENABLE_TESTABILITY = YES;
				GCC_C_LANGUAGE_STANDARD = gnu11;
				GCC_DYNAMIC_NO_PIC = NO;
				GCC_NO_COMMON_BLOCKS = YES;
				GCC_OPTIMIZATION_LEVEL = 0;
				GCC_PREPROCESSOR_DEFINITIONS = (
					"DEBUG=1",
					"$(inherited)",
				);
				GCC_WARN_64_TO_32_BIT_CONVERSION = YES;
				GCC_WARN_ABOUT_RETURN_TYPE = YES_ERROR;
				GCC_WARN_UNDECLARED_SELECTOR = YES;
				GCC_WARN_UNINITIALIZED_AUTOS = YES_AGGRESSIVE;
				GCC_WARN_UNUSED_FUNCTION = YES;
				GCC_WARN_UNUSED_VARIABLE = YES;
				IPHONEOS_DEPLOYMENT_TARGET = 13.2;
				MTL_ENABLE_DEBUG_INFO = INCLUDE_SOURCE;
				MTL_FAST_MATH = YES;
				ONLY_ACTIVE_ARCH = YES;
				SDKROOT = iphoneos;
				SWIFT_ACTIVE_COMPILATION_CONDITIONS = DEBUG;
				SWIFT_OPTIMIZATION_LEVEL = "-Onone";
			};
			name = Debug;
		};
		DC301F7C23B9DBFB00E98C2D /* Release */ = {
			isa = XCBuildConfiguration;
			buildSettings = {
				ALWAYS_SEARCH_USER_PATHS = NO;
				CLANG_ANALYZER_NONNULL = YES;
				CLANG_ANALYZER_NUMBER_OBJECT_CONVERSION = YES_AGGRESSIVE;
				CLANG_CXX_LANGUAGE_STANDARD = "gnu++14";
				CLANG_CXX_LIBRARY = "libc++";
				CLANG_ENABLE_MODULES = YES;
				CLANG_ENABLE_OBJC_ARC = YES;
				CLANG_ENABLE_OBJC_WEAK = YES;
				CLANG_WARN_BLOCK_CAPTURE_AUTORELEASING = YES;
				CLANG_WARN_BOOL_CONVERSION = YES;
				CLANG_WARN_COMMA = YES;
				CLANG_WARN_CONSTANT_CONVERSION = YES;
				CLANG_WARN_DEPRECATED_OBJC_IMPLEMENTATIONS = YES;
				CLANG_WARN_DIRECT_OBJC_ISA_USAGE = YES_ERROR;
				CLANG_WARN_DOCUMENTATION_COMMENTS = YES;
				CLANG_WARN_EMPTY_BODY = YES;
				CLANG_WARN_ENUM_CONVERSION = YES;
				CLANG_WARN_INFINITE_RECURSION = YES;
				CLANG_WARN_INT_CONVERSION = YES;
				CLANG_WARN_NON_LITERAL_NULL_CONVERSION = YES;
				CLANG_WARN_OBJC_IMPLICIT_RETAIN_SELF = YES;
				CLANG_WARN_OBJC_LITERAL_CONVERSION = YES;
				CLANG_WARN_OBJC_ROOT_CLASS = YES_ERROR;
				CLANG_WARN_RANGE_LOOP_ANALYSIS = YES;
				CLANG_WARN_STRICT_PROTOTYPES = YES;
				CLANG_WARN_SUSPICIOUS_MOVE = YES;
				CLANG_WARN_UNGUARDED_AVAILABILITY = YES_AGGRESSIVE;
				CLANG_WARN_UNREACHABLE_CODE = YES;
				CLANG_WARN__DUPLICATE_METHOD_MATCH = YES;
				COPY_PHASE_STRIP = NO;
				DEBUG_INFORMATION_FORMAT = "dwarf-with-dsym";
				ENABLE_NS_ASSERTIONS = NO;
				ENABLE_STRICT_OBJC_MSGSEND = YES;
				GCC_C_LANGUAGE_STANDARD = gnu11;
				GCC_NO_COMMON_BLOCKS = YES;
				GCC_WARN_64_TO_32_BIT_CONVERSION = YES;
				GCC_WARN_ABOUT_RETURN_TYPE = YES_ERROR;
				GCC_WARN_UNDECLARED_SELECTOR = YES;
				GCC_WARN_UNINITIALIZED_AUTOS = YES_AGGRESSIVE;
				GCC_WARN_UNUSED_FUNCTION = YES;
				GCC_WARN_UNUSED_VARIABLE = YES;
				IPHONEOS_DEPLOYMENT_TARGET = 13.2;
				MTL_ENABLE_DEBUG_INFO = NO;
				MTL_FAST_MATH = YES;
				SDKROOT = iphoneos;
				SWIFT_COMPILATION_MODE = wholemodule;
				SWIFT_OPTIMIZATION_LEVEL = "-O";
				VALIDATE_PRODUCT = YES;
			};
			name = Release;
		};
		DC301F7E23B9DBFB00E98C2D /* Debug */ = {
			isa = XCBuildConfiguration;
			buildSettings = {
				ASSETCATALOG_COMPILER_APPICON_NAME = AppIcon;
				CODE_SIGN_STYLE = Automatic;
				DEVELOPMENT_ASSET_PATHS = "\"RocketReserver/Preview Content\"";
				DEVELOPMENT_TEAM = HC666XRGRA;
				ENABLE_PREVIEWS = YES;
				INFOPLIST_FILE = RocketReserver/Info.plist;
				LD_RUNPATH_SEARCH_PATHS = (
					"$(inherited)",
					"@executable_path/Frameworks",
				);
				PRODUCT_BUNDLE_IDENTIFIER = org.rod.samples.RocketReserver;
				PRODUCT_NAME = "$(TARGET_NAME)";
				SWIFT_VERSION = 5.0;
				TARGETED_DEVICE_FAMILY = "1,2";
			};
			name = Debug;
		};
		DC301F7F23B9DBFB00E98C2D /* Release */ = {
			isa = XCBuildConfiguration;
			buildSettings = {
				ASSETCATALOG_COMPILER_APPICON_NAME = AppIcon;
				CODE_SIGN_STYLE = Automatic;
				DEVELOPMENT_ASSET_PATHS = "\"RocketReserver/Preview Content\"";
				DEVELOPMENT_TEAM = HC666XRGRA;
				ENABLE_PREVIEWS = YES;
				INFOPLIST_FILE = RocketReserver/Info.plist;
				LD_RUNPATH_SEARCH_PATHS = (
					"$(inherited)",
					"@executable_path/Frameworks",
				);
				PRODUCT_BUNDLE_IDENTIFIER = org.rod.samples.RocketReserver;
				PRODUCT_NAME = "$(TARGET_NAME)";
				SWIFT_VERSION = 5.0;
				TARGETED_DEVICE_FAMILY = "1,2";
			};
			name = Release;
		};
/* End XCBuildConfiguration section */

/* Begin XCConfigurationList section */
		DC301F6423B9DBFB00E98C2D /* Build configuration list for PBXProject "RocketReserver" */ = {
			isa = XCConfigurationList;
			buildConfigurations = (
				DC301F7B23B9DBFB00E98C2D /* Debug */,
				DC301F7C23B9DBFB00E98C2D /* Release */,
			);
			defaultConfigurationIsVisible = 0;
			defaultConfigurationName = Release;
		};
		DC301F7D23B9DBFB00E98C2D /* Build configuration list for PBXNativeTarget "RocketReserver" */ = {
			isa = XCConfigurationList;
			buildConfigurations = (
				DC301F7E23B9DBFB00E98C2D /* Debug */,
				DC301F7F23B9DBFB00E98C2D /* Release */,
			);
			defaultConfigurationIsVisible = 0;
			defaultConfigurationName = Release;
		};
/* End XCConfigurationList section */

/* Begin XCRemoteSwiftPackageReference section */
		DC2D336923C83E8100939992 /* XCRemoteSwiftPackageReference "apollo-ios-publishers" */ = {
			isa = XCRemoteSwiftPackageReference;
			repositoryURL = "https://github.com/rodrigoelp/apollo-ios-publishers.git";
			requirement = {
				kind = revision;
				revision = 39d43ade8a3133822c62e4eccdefdb39616e189b;
			};
		};
		DC301F8523B9DFBB00E98C2D /* XCRemoteSwiftPackageReference "apollo-ios" */ = {
			isa = XCRemoteSwiftPackageReference;
			repositoryURL = "https://github.com/apollographql/apollo-ios.git";
			requirement = {
				kind = revision;
				revision = 77602929cde20981bd561903a2e1de848f7c60ce;
			};
		};
/* End XCRemoteSwiftPackageReference section */

/* Begin XCSwiftPackageProductDependency section */
		DC2D336A23C83E8100939992 /* ApolloPublishers */ = {
			isa = XCSwiftPackageProductDependency;
			package = DC2D336923C83E8100939992 /* XCRemoteSwiftPackageReference "apollo-ios-publishers" */;
			productName = ApolloPublishers;
		};
		DC301F8623B9DFBB00E98C2D /* ApolloWebSocket */ = {
			isa = XCSwiftPackageProductDependency;
			package = DC301F8523B9DFBB00E98C2D /* XCRemoteSwiftPackageReference "apollo-ios" */;
			productName = ApolloWebSocket;
		};
		DC301F8823B9DFBB00E98C2D /* Apollo */ = {
			isa = XCSwiftPackageProductDependency;
			package = DC301F8523B9DFBB00E98C2D /* XCRemoteSwiftPackageReference "apollo-ios" */;
			productName = Apollo;
		};
		DC413CFE23BDBDB800AF6AC1 /* ApolloSQLite */ = {
			isa = XCSwiftPackageProductDependency;
			package = DC301F8523B9DFBB00E98C2D /* XCRemoteSwiftPackageReference "apollo-ios" */;
			productName = ApolloSQLite;
		};
/* End XCSwiftPackageProductDependency section */
	};
	rootObject = DC301F6123B9DBFB00E98C2D /* Project object */;
}
